
Microsoft Visual Studio Solution File, Format Version 12.00
# Visual Studio 15
VisualStudioVersion = 15.0.27130.2027
MinimumVisualStudioVersion = 10.0.40219.1
Project("{FAE04EC0-301F-11D3-BF4B-00C04F79EFBC}") = "DemoGrid.Android", "DemoGrid\DemoGrid.Android\DemoGrid.Android.csproj", "{9BD48159-4963-4F78-BB25-4A3B56F6B1A6}"
EndProject
Project("{FAE04EC0-301F-11D3-BF4B-00C04F79EFBC}") = "DemoGrid.iOS", "DemoGrid\DemoGrid.iOS\DemoGrid.iOS.csproj", "{6CCA324E-9A2A-40C9-A666-E6E25486DB93}"
EndProject
Project("{FAE04EC0-301F-11D3-BF4B-00C04F79EFBC}") = "DemoGrid", "DemoGrid\DemoGrid\DemoGrid.csproj", "{669DED0F-1361-47AA-93DA-870C0FBB6F7C}"
EndProject
Global
	GlobalSection(SolutionConfigurationPlatforms) = preSolution
		Ad-Hoc|Any CPU = Ad-Hoc|Any CPU
		Ad-Hoc|iPhone = Ad-Hoc|iPhone
		Ad-Hoc|iPhoneSimulator = Ad-Hoc|iPhoneSimulator
		AppStore|Any CPU = AppStore|Any CPU
		AppStore|iPhone = AppStore|iPhone
		AppStore|iPhoneSimulator = AppStore|iPhoneSimulator
		Debug|Any CPU = Debug|Any CPU
		Debug|iPhone = Debug|iPhone
		Debug|iPhoneSimulator = Debug|iPhoneSimulator
		Release|Any CPU = Release|Any CPU
		Release|iPhone = Release|iPhone
		Release|iPhoneSimulator = Release|iPhoneSimulator
	EndGlobalSection
	GlobalSection(ProjectConfigurationPlatforms) = postSolution
		{9BD48159-4963-4F78-BB25-4A3B56F6B1A6}.Ad-Hoc|Any CPU.ActiveCfg = Release|Any CPU
		{9BD48159-4963-4F78-BB25-4A3B56F6B1A6}.Ad-Hoc|Any CPU.Build.0 = Release|Any CPU
		{9BD48159-4963-4F78-BB25-4A3B56F6B1A6}.Ad-Hoc|Any CPU.Deploy.0 = Release|Any CPU
		{9BD48159-4963-4F78-BB25-4A3B56F6B1A6}.Ad-Hoc|iPhone.ActiveCfg = Release|Any CPU
		{9BD48159-4963-4F78-BB25-4A3B56F6B1A6}.Ad-Hoc|iPhone.Build.0 = Release|Any CPU
		{9BD48159-4963-4F78-BB25-4A3B56F6B1A6}.Ad-Hoc|iPhone.Deploy.0 = Release|Any CPU
		{9BD48159-4963-4F78-BB25-4A3B56F6B1A6}.Ad-Hoc|iPhoneSimulator.ActiveCfg = Release|Any CPU
		{9BD48159-4963-4F78-BB25-4A3B56F6B1A6}.Ad-Hoc|iPhoneSimulator.Build.0 = Release|Any CPU
		{9BD48159-4963-4F78-BB25-4A3B56F6B1A6}.Ad-Hoc|iPhoneSimulator.Deploy.0 = Release|Any CPU
		{9BD48159-4963-4F78-BB25-4A3B56F6B1A6}.AppStore|Any CPU.ActiveCfg = Release|Any CPU
		{9BD48159-4963-4F78-BB25-4A3B56F6B1A6}.AppStore|Any CPU.Build.0 = Release|Any CPU
		{9BD48159-4963-4F78-BB25-4A3B56F6B1A6}.AppStore|Any CPU.Deploy.0 = Release|Any CPU
		{9BD48159-4963-4F78-BB25-4A3B56F6B1A6}.AppStore|iPhone.ActiveCfg = Release|Any CPU
		{9BD48159-4963-4F78-BB25-4A3B56F6B1A6}.AppStore|iPhone.Build.0 = Release|Any CPU
		{9BD48159-4963-4F78-BB25-4A3B56F6B1A6}.AppStore|iPhone.Deploy.0 = Release|Any CPU
		{9BD48159-4963-4F78-BB25-4A3B56F6B1A6}.AppStore|iPhoneSimulator.ActiveCfg = Release|Any CPU
		{9BD48159-4963-4F78-BB25-4A3B56F6B1A6}.AppStore|iPhoneSimulator.Build.0 = Release|Any CPU
		{9BD48159-4963-4F78-BB25-4A3B56F6B1A6}.AppStore|iPhoneSimulator.Deploy.0 = Release|Any CPU
		{9BD48159-4963-4F78-BB25-4A3B56F6B1A6}.Debug|Any CPU.ActiveCfg = Debug|Any CPU
		{9BD48159-4963-4F78-BB25-4A3B56F6B1A6}.Debug|Any CPU.Build.0 = Debug|Any CPU
		{9BD48159-4963-4F78-BB25-4A3B56F6B1A6}.Debug|Any CPU.Deploy.0 = Debug|Any CPU
		{9BD48159-4963-4F78-BB25-4A3B56F6B1A6}.Debug|iPhone.ActiveCfg = Debug|Any CPU
		{9BD48159-4963-4F78-BB25-4A3B56F6B1A6}.Debug|iPhone.Build.0 = Debug|Any CPU
		{9BD48159-4963-4F78-BB25-4A3B56F6B1A6}.Debug|iPhone.Deploy.0 = Debug|Any CPU
		{9BD48159-4963-4F78-BB25-4A3B56F6B1A6}.Debug|iPhoneSimulator.ActiveCfg = Debug|Any CPU
		{9BD48159-4963-4F78-BB25-4A3B56F6B1A6}.Debug|iPhoneSimulator.Build.0 = Debug|Any CPU
		{9BD48159-4963-4F78-BB25-4A3B56F6B1A6}.Debug|iPhoneSimulator.Deploy.0 = Debug|Any CPU
		{9BD48159-4963-4F78-BB25-4A3B56F6B1A6}.Release|Any CPU.ActiveCfg = Release|Any CPU
		{9BD48159-4963-4F78-BB25-4A3B56F6B1A6}.Release|Any CPU.Build.0 = Release|Any CPU
		{9BD48159-4963-4F78-BB25-4A3B56F6B1A6}.Release|Any CPU.Deploy.0 = Release|Any CPU
		{9BD48159-4963-4F78-BB25-4A3B56F6B1A6}.Release|iPhone.ActiveCfg = Release|Any CPU
		{9BD48159-4963-4F78-BB25-4A3B56F6B1A6}.Release|iPhone.Build.0 = Release|Any CPU
		{9BD48159-4963-4F78-BB25-4A3B56F6B1A6}.Release|iPhone.Deploy.0 = Release|Any CPU
		{9BD48159-4963-4F78-BB25-4A3B56F6B1A6}.Release|iPhoneSimulator.ActiveCfg = Release|Any CPU
		{9BD48159-4963-4F78-BB25-4A3B56F6B1A6}.Release|iPhoneSimulator.Build.0 = Release|Any CPU
		{9BD48159-4963-4F78-BB25-4A3B56F6B1A6}.Release|iPhoneSimulator.Deploy.0 = Release|Any CPU
		{6CCA324E-9A2A-40C9-A666-E6E25486DB93}.Ad-Hoc|Any CPU.ActiveCfg = Ad-Hoc|iPhone
		{6CCA324E-9A2A-40C9-A666-E6E25486DB93}.Ad-Hoc|iPhone.ActiveCfg = Ad-Hoc|iPhone
		{6CCA324E-9A2A-40C9-A666-E6E25486DB93}.Ad-Hoc|iPhone.Build.0 = Ad-Hoc|iPhone
		{6CCA324E-9A2A-40C9-A666-E6E25486DB93}.Ad-Hoc|iPhoneSimulator.ActiveCfg = Ad-Hoc|iPhoneSimulator
		{6CCA324E-9A2A-40C9-A666-E6E25486DB93}.Ad-Hoc|iPhoneSimulator.Build.0 = Ad-Hoc|iPhoneSimulator
		{6CCA324E-9A2A-40C9-A666-E6E25486DB93}.AppStore|Any CPU.ActiveCfg = AppStore|iPhone
		{6CCA324E-9A2A-40C9-A666-E6E25486DB93}.AppStore|iPhone.ActiveCfg = AppStore|iPhone
		{6CCA324E-9A2A-40C9-A666-E6E25486DB93}.AppStore|iPhone.Build.0 = AppStore|iPhone
		{6CCA324E-9A2A-40C9-A666-E6E25486DB93}.AppStore|iPhoneSimulator.ActiveCfg = AppStore|iPhoneSimulator
		{6CCA324E-9A2A-40C9-A666-E6E25486DB93}.AppStore|iPhoneSimulator.Build.0 = AppStore|iPhoneSimulator
		{6CCA324E-9A2A-40C9-A666-E6E25486DB93}.Debug|Any CPU.ActiveCfg = Debug|iPhone
		{6CCA324E-9A2A-40C9-A666-E6E25486DB93}.Debug|iPhone.ActiveCfg = Debug|iPhone
		{6CCA324E-9A2A-40C9-A666-E6E25486DB93}.Debug|iPhone.Build.0 = Debug|iPhone
		{6CCA324E-9A2A-40C9-A666-E6E25486DB93}.Debug|iPhoneSimulator.ActiveCfg = Debug|iPhoneSimulator
		{6CCA324E-9A2A-40C9-A666-E6E25486DB93}.Debug|iPhoneSimulator.Build.0 = Debug|iPhoneSimulator
		{6CCA324E-9A2A-40C9-A666-E6E25486DB93}.Release|Any CPU.ActiveCfg = Release|iPhone
		{6CCA324E-9A2A-40C9-A666-E6E25486DB93}.Release|iPhone.ActiveCfg = Release|iPhone
		{6CCA324E-9A2A-40C9-A666-E6E25486DB93}.Release|iPhone.Build.0 = Release|iPhone
		{6CCA324E-9A2A-40C9-A666-E6E25486DB93}.Release|iPhoneSimulator.ActiveCfg = Release|iPhoneSimulator
		{6CCA324E-9A2A-40C9-A666-E6E25486DB93}.Release|iPhoneSimulator.Build.0 = Release|iPhoneSimulator
		{669DED0F-1361-47AA-93DA-870C0FBB6F7C}.Ad-Hoc|Any CPU.ActiveCfg = Debug|Any CPU
		{669DED0F-1361-47AA-93DA-870C0FBB6F7C}.Ad-Hoc|Any CPU.Build.0 = Debug|Any CPU
		{669DED0F-1361-47AA-93DA-870C0FBB6F7C}.Ad-Hoc|iPhone.ActiveCfg = Debug|Any CPU
		{669DED0F-1361-47AA-93DA-870C0FBB6F7C}.Ad-Hoc|iPhone.Build.0 = Debug|Any CPU
		{669DED0F-1361-47AA-93DA-870C0FBB6F7C}.Ad-Hoc|iPhoneSimulator.ActiveCfg = Debug|Any CPU
		{669DED0F-1361-47AA-93DA-870C0FBB6F7C}.Ad-Hoc|iPhoneSimulator.Build.0 = Debug|Any CPU
		{669DED0F-1361-47AA-93DA-870C0FBB6F7C}.AppStore|Any CPU.ActiveCfg = Debug|Any CPU
		{669DED0F-1361-47AA-93DA-870C0FBB6F7C}.AppStore|Any CPU.Build.0 = Debug|Any CPU
		{669DED0F-1361-47AA-93DA-870C0FBB6F7C}.AppStore|iPhone.ActiveCfg = Debug|Any CPU
		{669DED0F-1361-47AA-93DA-870C0FBB6F7C}.AppStore|iPhone.Build.0 = Debug|Any CPU
		{669DED0F-1361-47AA-93DA-870C0FBB6F7C}.AppStore|iPhoneSimulator.ActiveCfg = Debug|Any CPU
		{669DED0F-1361-47AA-93DA-870C0FBB6F7C}.AppStore|iPhoneSimulator.Build.0 = Debug|Any CPU
		{669DED0F-1361-47AA-93DA-870C0FBB6F7C}.Debug|Any CPU.ActiveCfg = Debug|Any CPU
		{669DED0F-1361-47AA-93DA-870C0FBB6F7C}.Debug|Any CPU.Build.0 = Debug|Any CPU
		{669DED0F-1361-47AA-93DA-870C0FBB6F7C}.Debug|iPhone.ActiveCfg = Debug|Any CPU
		{669DED0F-1361-47AA-93DA-870C0FBB6F7C}.Debug|iPhone.Build.0 = Debug|Any CPU
		{669DED0F-1361-47AA-93DA-870C0FBB6F7C}.Debug|iPhoneSimulator.ActiveCfg = Debug|Any CPU
		{669DED0F-1361-47AA-93DA-870C0FBB6F7C}.Debug|iPhoneSimulator.Build.0 = Debug|Any CPU
		{669DED0F-1361-47AA-93DA-870C0FBB6F7C}.Release|Any CPU.ActiveCfg = Release|Any CPU
		{669DED0F-1361-47AA-93DA-870C0FBB6F7C}.Release|Any CPU.Build.0 = Release|Any CPU
		{669DED0F-1361-47AA-93DA-870C0FBB6F7C}.Release|iPhone.ActiveCfg = Release|Any CPU
		{669DED0F-1361-47AA-93DA-870C0FBB6F7C}.Release|iPhone.Build.0 = Release|Any CPU
		{669DED0F-1361-47AA-93DA-870C0FBB6F7C}.Release|iPhoneSimulator.ActiveCfg = Release|Any CPU
		{669DED0F-1361-47AA-93DA-870C0FBB6F7C}.Release|iPhoneSimulator.Build.0 = Release|Any CPU
	EndGlobalSection
	GlobalSection(SolutionProperties) = preSolution
		HideSolutionNode = FALSE
	EndGlobalSection
	GlobalSection(ExtensibilityGlobals) = postSolution
		SolutionGuid = {AE26BC37-3F00-49C7-A7A8-AB90756E3E38}
	EndGlobalSection
EndGlobal
